
Microsoft Visual Studio Solution File, Format Version 12.00
# Visual Studio Version 17
VisualStudioVersion = 17.13.35931.197 d17.13
MinimumVisualStudioVersion = 10.0.40219.1
Project("{FAE04EC0-301F-11D3-BF4B-00C04F79EFBC}") = "LocalFileServer", "LocalFileServer\LocalFileServer.csproj", "{A75EFCD8-2E96-4833-A329-A350A66EDAF8}"
EndProject
Global
	GlobalSection(SolutionConfigurationPlatforms) = preSolution
		Debug|Any CPU = Debug|Any CPU
		Release|Any CPU = Release|Any CPU
	EndGlobalSection
	GlobalSection(ProjectConfigurationPlatforms) = postSolution
		{A75EFCD8-2E96-4833-A329-A350A66EDAF8}.Debug|Any CPU.ActiveCfg = Debug|Any CPU
		{A75EFCD8-2E96-4833-A329-A350A66EDAF8}.Debug|Any CPU.Build.0 = Debug|Any CPU
		{A75EFCD8-2E96-4833-A329-A350A66EDAF8}.Release|Any CPU.ActiveCfg = Release|Any CPU
		{A75EFCD8-2E96-4833-A329-A350A66EDAF8}.Release|Any CPU.Build.0 = Release|Any CPU
	EndGlobalSection
	GlobalSection(SolutionProperties) = preSolution
		HideSolutionNode = FALSE
	EndGlobalSection
	GlobalSection(ExtensibilityGlobals) = postSolution
		SolutionGuid = {7EFD1D0C-1CEE-4C8B-A6E3-64E64F8B630D}
	EndGlobalSection
EndGlobal
